
Microsoft Visual Studio Solution File, Format Version 12.00
# Visual Studio Version 17
VisualStudioVersion = 17.8.34525.116
MinimumVisualStudioVersion = 10.0.40219.1
Project("{8BC9CEB8-8B4A-11D0-8D11-00A0C91BC942}") = "connect4", "connect4\connect4.vcxproj", "{38279C80-CA03-471D-B11D-1DADB7D66770}"
EndProject
Global
	GlobalSection(SolutionConfigurationPlatforms) = preSolution
		Debug|x64 = Debug|x64
		Debug|x86 = Debug|x86
		Release|x64 = Release|x64
		Release|x86 = Release|x86
	EndGlobalSection
	GlobalSection(ProjectConfigurationPlatforms) = postSolution
		{38279C80-CA03-471D-B11D-1DADB7D66770}.Debug|x64.ActiveCfg = Debug|x64
		{38279C80-CA03-471D-B11D-1DADB7D66770}.Debug|x64.Build.0 = Debug|x64
		{38279C80-CA03-471D-B11D-1DADB7D66770}.Debug|x86.ActiveCfg = Debug|Win32
		{38279C80-CA03-471D-B11D-1DADB7D66770}.Debug|x86.Build.0 = Debug|Win32
		{38279C80-CA03-471D-B11D-1DADB7D66770}.Release|x64.ActiveCfg = Release|x64
		{38279C80-CA03-471D-B11D-1DADB7D66770}.Release|x64.Build.0 = Release|x64
		{38279C80-CA03-471D-B11D-1DADB7D66770}.Release|x86.ActiveCfg = Release|Win32
		{38279C80-CA03-471D-B11D-1DADB7D66770}.Release|x86.Build.0 = Release|Win32
	EndGlobalSection
	GlobalSection(SolutionProperties) = preSolution
		HideSolutionNode = FALSE
	EndGlobalSection
	GlobalSection(ExtensibilityGlobals) = postSolution
		SolutionGuid = {12D832D3-994B-4BAF-AC8F-3CBC73ED4E76}
	EndGlobalSection
EndGlobal
